
Microsoft Visual Studio Solution File, Format Version 12.00
# Visual Studio Version 17
VisualStudioVersion = 17.5.002.0
MinimumVisualStudioVersion = 10.0.40219.1
Project("{9A19103F-16F7-4668-BE54-9A1E7A4F7556}") = "LabVectores01", "LabVectores01.csproj", "{5DA5364C-4DE2-487D-BDE5-EB35B54E04FE}"
EndProject
Global
	GlobalSection(SolutionConfigurationPlatforms) = preSolution
		Debug|Any CPU = Debug|Any CPU
		Release|Any CPU = Release|Any CPU
	EndGlobalSection
	GlobalSection(ProjectConfigurationPlatforms) = postSolution
		{5DA5364C-4DE2-487D-BDE5-EB35B54E04FE}.Debug|Any CPU.ActiveCfg = Debug|Any CPU
		{5DA5364C-4DE2-487D-BDE5-EB35B54E04FE}.Debug|Any CPU.Build.0 = Debug|Any CPU
		{5DA5364C-4DE2-487D-BDE5-EB35B54E04FE}.Release|Any CPU.ActiveCfg = Release|Any CPU
		{5DA5364C-4DE2-487D-BDE5-EB35B54E04FE}.Release|Any CPU.Build.0 = Release|Any CPU
	EndGlobalSection
	GlobalSection(SolutionProperties) = preSolution
		HideSolutionNode = FALSE
	EndGlobalSection
	GlobalSection(ExtensibilityGlobals) = postSolution
		SolutionGuid = {75FB9E06-6A6F-4C75-8E02-9998E42FB7FE}
	EndGlobalSection
EndGlobal
